
Microsoft Visual Studio Solution File, Format Version 12.00
# Visual Studio Version 16
VisualStudioVersion = 16.0.34301.259
MinimumVisualStudioVersion = 10.0.40219.1
Project("{FAE04EC0-301F-11D3-BF4B-00C04F79EFBC}") = "Entities", "Entity\Entities.csproj", "{AE7F3DFB-8156-4B65-929B-B4386DF293D9}"
EndProject
Project("{2150E333-8FDC-42A3-9474-1A3956D46DE8}") = "01_Entities", "01_Entities", "{B5A2F33C-3CE5-47CA-80EB-5AFDA66D3F5A}"
EndProject
Project("{2150E333-8FDC-42A3-9474-1A3956D46DE8}") = "02_Shared", "02_Shared", "{3BD02DCD-8C2C-4863-84E7-118EF89787E9}"
EndProject
Project("{FAE04EC0-301F-11D3-BF4B-00C04F79EFBC}") = "Shared", "Shared\Shared.csproj", "{21E4AC9E-A373-460D-ADCB-40EAA7DCD552}"
EndProject
Project("{2150E333-8FDC-42A3-9474-1A3956D46DE8}") = "03_Repositories", "03_Repositories", "{7F05D83A-1EE1-45FF-A0AD-8D12CFD2B96F}"
EndProject
Project("{FAE04EC0-301F-11D3-BF4B-00C04F79EFBC}") = "Repository", "Repository\Repository.csproj", "{789A6F99-6F8A-4896-853F-61D5D8D4457C}"
EndProject
Project("{2150E333-8FDC-42A3-9474-1A3956D46DE8}") = "04_SeedData", "04_SeedData", "{B12A7C0B-4ABC-463A-BE41-676579E0DE1E}"
EndProject
Project("{FAE04EC0-301F-11D3-BF4B-00C04F79EFBC}") = "Seeder", "Seeder\Seeder.csproj", "{4031164C-FF5E-43E6-8C5D-E06EF2CF3993}"
EndProject
Project("{2150E333-8FDC-42A3-9474-1A3956D46DE8}") = "06_DoctorAvailabilityModule", "06_DoctorAvailabilityModule", "{CA1618A7-268F-4F88-B918-FEB1F68B9FC2}"
EndProject
Project("{FAE04EC0-301F-11D3-BF4B-00C04F79EFBC}") = "DoctorAvailabilityModule", "DoctorAvailabilityModule\DoctorAvailabilityModule.csproj", "{8B53828A-6C9B-420E-80E0-70CE6DD5F959}"
EndProject
Project("{2150E333-8FDC-42A3-9474-1A3956D46DE8}") = "07_AppointmentModule", "07_AppointmentModule", "{7938ABDD-E05B-45BC-81FC-28F078D09EA1}"
EndProject
Project("{FAE04EC0-301F-11D3-BF4B-00C04F79EFBC}") = "AppointmentModule", "AppointmentModule\AppointmentModule.csproj", "{D77ADC0F-DADA-4531-B88D-D75E1EFF3833}"
EndProject
Project("{2150E333-8FDC-42A3-9474-1A3956D46DE8}") = "08_AppointmentConfirmationModule", "08_AppointmentConfirmationModule", "{F85907BB-52ED-4A71-A33E-7139F534B6F4}"
EndProject
Project("{FAE04EC0-301F-11D3-BF4B-00C04F79EFBC}") = "AppointmentConfirmationModule", "AppointmentConfirmationModule\AppointmentConfirmationModule.csproj", "{95F4A985-007D-4CDA-8DC6-73FF49AC0013}"
EndProject
Project("{2150E333-8FDC-42A3-9474-1A3956D46DE8}") = "09_DoctorAppointmentManagementModule", "09_DoctorAppointmentManagementModule", "{DF94DAFA-3EF6-4C23-83CE-09E567D6E43B}"
EndProject
Project("{FAE04EC0-301F-11D3-BF4B-00C04F79EFBC}") = "DoctorAppointmentManagementModule", "DoctorAppointmentManagementModule\DoctorAppointmentManagementModule.csproj", "{7085B972-03F4-4D4F-B45C-F60BCE74D7CD}"
EndProject
Project("{2150E333-8FDC-42A3-9474-1A3956D46DE8}") = "10_WebApp", "10_WebApp", "{709F36EA-48C1-463E-AE63-198623D83F2C}"
EndProject
Project("{FAE04EC0-301F-11D3-BF4B-00C04F79EFBC}") = "WebApp", "WebApp\WebApp.csproj", "{135DEA86-5BEC-4581-B99D-9BE490701340}"
EndProject
Project("{FAE04EC0-301F-11D3-BF4B-00C04F79EFBC}") = "WebApp.Tests", "10_WebApp\WebApp.Tests\WebApp.Tests.csproj", "{3918A82D-A80E-4B9F-A349-7441AF2F968A}"
EndProject
Global
	GlobalSection(SolutionConfigurationPlatforms) = preSolution
		Debug|Any CPU = Debug|Any CPU
		Release|Any CPU = Release|Any CPU
	EndGlobalSection
	GlobalSection(ProjectConfigurationPlatforms) = postSolution
		{AE7F3DFB-8156-4B65-929B-B4386DF293D9}.Debug|Any CPU.ActiveCfg = Debug|Any CPU
		{AE7F3DFB-8156-4B65-929B-B4386DF293D9}.Debug|Any CPU.Build.0 = Debug|Any CPU
		{AE7F3DFB-8156-4B65-929B-B4386DF293D9}.Release|Any CPU.ActiveCfg = Release|Any CPU
		{AE7F3DFB-8156-4B65-929B-B4386DF293D9}.Release|Any CPU.Build.0 = Release|Any CPU
		{21E4AC9E-A373-460D-ADCB-40EAA7DCD552}.Debug|Any CPU.ActiveCfg = Debug|Any CPU
		{21E4AC9E-A373-460D-ADCB-40EAA7DCD552}.Debug|Any CPU.Build.0 = Debug|Any CPU
		{21E4AC9E-A373-460D-ADCB-40EAA7DCD552}.Release|Any CPU.ActiveCfg = Release|Any CPU
		{21E4AC9E-A373-460D-ADCB-40EAA7DCD552}.Release|Any CPU.Build.0 = Release|Any CPU
		{789A6F99-6F8A-4896-853F-61D5D8D4457C}.Debug|Any CPU.ActiveCfg = Debug|Any CPU
		{789A6F99-6F8A-4896-853F-61D5D8D4457C}.Debug|Any CPU.Build.0 = Debug|Any CPU
		{789A6F99-6F8A-4896-853F-61D5D8D4457C}.Release|Any CPU.ActiveCfg = Release|Any CPU
		{789A6F99-6F8A-4896-853F-61D5D8D4457C}.Release|Any CPU.Build.0 = Release|Any CPU
		{4031164C-FF5E-43E6-8C5D-E06EF2CF3993}.Debug|Any CPU.ActiveCfg = Debug|Any CPU
		{4031164C-FF5E-43E6-8C5D-E06EF2CF3993}.Debug|Any CPU.Build.0 = Debug|Any CPU
		{4031164C-FF5E-43E6-8C5D-E06EF2CF3993}.Release|Any CPU.ActiveCfg = Release|Any CPU
		{4031164C-FF5E-43E6-8C5D-E06EF2CF3993}.Release|Any CPU.Build.0 = Release|Any CPU
		{8B53828A-6C9B-420E-80E0-70CE6DD5F959}.Debug|Any CPU.ActiveCfg = Debug|Any CPU
		{8B53828A-6C9B-420E-80E0-70CE6DD5F959}.Debug|Any CPU.Build.0 = Debug|Any CPU
		{8B53828A-6C9B-420E-80E0-70CE6DD5F959}.Release|Any CPU.ActiveCfg = Release|Any CPU
		{8B53828A-6C9B-420E-80E0-70CE6DD5F959}.Release|Any CPU.Build.0 = Release|Any CPU
		{D77ADC0F-DADA-4531-B88D-D75E1EFF3833}.Debug|Any CPU.ActiveCfg = Debug|Any CPU
		{D77ADC0F-DADA-4531-B88D-D75E1EFF3833}.Debug|Any CPU.Build.0 = Debug|Any CPU
		{D77ADC0F-DADA-4531-B88D-D75E1EFF3833}.Release|Any CPU.ActiveCfg = Release|Any CPU
		{D77ADC0F-DADA-4531-B88D-D75E1EFF3833}.Release|Any CPU.Build.0 = Release|Any CPU
		{95F4A985-007D-4CDA-8DC6-73FF49AC0013}.Debug|Any CPU.ActiveCfg = Debug|Any CPU
		{95F4A985-007D-4CDA-8DC6-73FF49AC0013}.Debug|Any CPU.Build.0 = Debug|Any CPU
		{95F4A985-007D-4CDA-8DC6-73FF49AC0013}.Release|Any CPU.ActiveCfg = Release|Any CPU
		{95F4A985-007D-4CDA-8DC6-73FF49AC0013}.Release|Any CPU.Build.0 = Release|Any CPU
		{7085B972-03F4-4D4F-B45C-F60BCE74D7CD}.Debug|Any CPU.ActiveCfg = Debug|Any CPU
		{7085B972-03F4-4D4F-B45C-F60BCE74D7CD}.Debug|Any CPU.Build.0 = Debug|Any CPU
		{7085B972-03F4-4D4F-B45C-F60BCE74D7CD}.Release|Any CPU.ActiveCfg = Release|Any CPU
		{7085B972-03F4-4D4F-B45C-F60BCE74D7CD}.Release|Any CPU.Build.0 = Release|Any CPU
		{135DEA86-5BEC-4581-B99D-9BE490701340}.Debug|Any CPU.ActiveCfg = Debug|Any CPU
		{135DEA86-5BEC-4581-B99D-9BE490701340}.Debug|Any CPU.Build.0 = Debug|Any CPU
		{135DEA86-5BEC-4581-B99D-9BE490701340}.Release|Any CPU.ActiveCfg = Release|Any CPU
		{135DEA86-5BEC-4581-B99D-9BE490701340}.Release|Any CPU.Build.0 = Release|Any CPU
		{3918A82D-A80E-4B9F-A349-7441AF2F968A}.Debug|Any CPU.ActiveCfg = Debug|Any CPU
		{3918A82D-A80E-4B9F-A349-7441AF2F968A}.Debug|Any CPU.Build.0 = Debug|Any CPU
		{3918A82D-A80E-4B9F-A349-7441AF2F968A}.Release|Any CPU.ActiveCfg = Release|Any CPU
		{3918A82D-A80E-4B9F-A349-7441AF2F968A}.Release|Any CPU.Build.0 = Release|Any CPU
	EndGlobalSection
	GlobalSection(SolutionProperties) = preSolution
		HideSolutionNode = FALSE
	EndGlobalSection
	GlobalSection(NestedProjects) = preSolution
		{AE7F3DFB-8156-4B65-929B-B4386DF293D9} = {B5A2F33C-3CE5-47CA-80EB-5AFDA66D3F5A}
		{21E4AC9E-A373-460D-ADCB-40EAA7DCD552} = {3BD02DCD-8C2C-4863-84E7-118EF89787E9}
		{789A6F99-6F8A-4896-853F-61D5D8D4457C} = {7F05D83A-1EE1-45FF-A0AD-8D12CFD2B96F}
		{4031164C-FF5E-43E6-8C5D-E06EF2CF3993} = {B12A7C0B-4ABC-463A-BE41-676579E0DE1E}
		{8B53828A-6C9B-420E-80E0-70CE6DD5F959} = {CA1618A7-268F-4F88-B918-FEB1F68B9FC2}
		{D77ADC0F-DADA-4531-B88D-D75E1EFF3833} = {7938ABDD-E05B-45BC-81FC-28F078D09EA1}
		{95F4A985-007D-4CDA-8DC6-73FF49AC0013} = {F85907BB-52ED-4A71-A33E-7139F534B6F4}
		{7085B972-03F4-4D4F-B45C-F60BCE74D7CD} = {DF94DAFA-3EF6-4C23-83CE-09E567D6E43B}
		{135DEA86-5BEC-4581-B99D-9BE490701340} = {709F36EA-48C1-463E-AE63-198623D83F2C}
		{3918A82D-A80E-4B9F-A349-7441AF2F968A} = {709F36EA-48C1-463E-AE63-198623D83F2C}
	EndGlobalSection
	GlobalSection(ExtensibilityGlobals) = postSolution
		SolutionGuid = {E5260A41-804E-44BA-B62F-DB68EC49C48D}
	EndGlobalSection
EndGlobal
